// !$*UTF8*$!
{
	archiveVersion = 1;
	classes = {
	};
	objectVersion = 46;
	objects = {

/* Begin PBXBuildFile section */
		0B140F591A2E4709001324EE /* main.m in Sources */ = {isa = PBXBuildFile; fileRef = 0B140F581A2E4709001324EE /* main.m */; };
		0B140F5C1A2E4709001324EE /* AppDelegate.m in Sources */ = {isa = PBXBuildFile; fileRef = 0B140F5B1A2E4709001324EE /* AppDelegate.m */; };
		0B17A0ED1A78207F009D1C50 /* libc++.dylib in Frameworks */ = {isa = PBXBuildFile; fileRef = 0B17A0EC1A78207F009D1C50 /* libc++.dylib */; };
		0B19FEDE1A3AB4B4003E57DF /* BasicSimplePlayerViewController.h in Headers */ = {isa = PBXBuildFile; fileRef = 0B19FEDC1A3AB4B4003E57DF /* BasicSimplePlayerViewController.h */; };
		0B19FEDF1A3AB4B4003E57DF /* BasicSimplePlayerViewController.m in Sources */ = {isa = PBXBuildFile; fileRef = 0B19FEDD1A3AB4B4003E57DF /* BasicSimplePlayerViewController.m */; };
		0B19FEE31A3AB4BC003E57DF /* BasicPlaybackListViewController.h in Headers */ = {isa = PBXBuildFile; fileRef = 0B19FEE11A3AB4BC003E57DF /* BasicPlaybackListViewController.h */; };
		0B19FEE41A3AB4BC003E57DF /* BasicPlaybackListViewController.m in Sources */ = {isa = PBXBuildFile; fileRef = 0B19FEE21A3AB4BC003E57DF /* BasicPlaybackListViewController.m */; };
		0B19FF1A1A3B755A003E57DF /* BasicPlaybackListViewController.m in Sources */ = {isa = PBXBuildFile; fileRef = 0B19FEE21A3AB4BC003E57DF /* BasicPlaybackListViewController.m */; };
		0B19FF1C1A3B755A003E57DF /* BasicSimplePlayerViewController.m in Sources */ = {isa = PBXBuildFile; fileRef = 0B19FEDD1A3AB4B4003E57DF /* BasicSimplePlayerViewController.m */; };
		0B19FF2B1A3B780B003E57DF /* BasicPlaybackListViewController.h in CopyFiles */ = {isa = PBXBuildFile; fileRef = 0B19FEE11A3AB4BC003E57DF /* BasicPlaybackListViewController.h */; };
		0B19FF621A3B80FB003E57DF /* BasicPlaybackListViewController.h in Headers */ = {isa = PBXBuildFile; fileRef = 0B19FEE11A3AB4BC003E57DF /* BasicPlaybackListViewController.h */; };
		0B19FF631A3B80FB003E57DF /* BasicSimplePlayerViewController.h in Headers */ = {isa = PBXBuildFile; fileRef = 0B19FEDC1A3AB4B4003E57DF /* BasicSimplePlayerViewController.h */; };
		0B4FE7961CE2AA99000DCC00 /* QRScannerViewController.m in Sources */ = {isa = PBXBuildFile; fileRef = 9782DAF81BFBE5720094A660 /* QRScannerViewController.m */; };
		0B9458AB1AC3353E000DD545 /* libxml2.dylib in Frameworks */ = {isa = PBXBuildFile; fileRef = 0B9458AA1AC3353E000DD545 /* libxml2.dylib */; };
		0B9458B31AC338BD000DD545 /* SystemConfiguration.framework in Frameworks */ = {isa = PBXBuildFile; fileRef = 0B140F8E1A2E53BE001324EE /* SystemConfiguration.framework */; };
		0B9458B41AC338C9000DD545 /* MediaPlayer.framework in Frameworks */ = {isa = PBXBuildFile; fileRef = 0B140F881A2E5374001324EE /* MediaPlayer.framework */; };
		0B94591C1AC33AA2000DD545 /* OoyalaSDK.framework in Frameworks */ = {isa = PBXBuildFile; fileRef = 0B9457D31AC32C64000DD545 /* OoyalaSDK.framework */; };
		0B9800E71A40DF9A00E7DE88 /* LaunchScreen.xib in Resources */ = {isa = PBXBuildFile; fileRef = 0B9800E51A40DF9A00E7DE88 /* LaunchScreen.xib */; };
		0BC947D81A817756004CB997 /* PlayerDoubleButton.xib in Resources */ = {isa = PBXBuildFile; fileRef = 0BC947D21A817756004CB997 /* PlayerDoubleButton.xib */; };
		0BC947D91A817756004CB997 /* PlayerDoubleSwitch.xib in Resources */ = {isa = PBXBuildFile; fileRef = 0BC947D31A817756004CB997 /* PlayerDoubleSwitch.xib */; };
		0BC947DA1A817756004CB997 /* PlayerDoubleText.xib in Resources */ = {isa = PBXBuildFile; fileRef = 0BC947D41A817756004CB997 /* PlayerDoubleText.xib */; };
		0BC947DB1A817756004CB997 /* PlayerSimple.xib in Resources */ = {isa = PBXBuildFile; fileRef = 0BC947D51A817756004CB997 /* PlayerSimple.xib */; };
		0BC947DC1A817756004CB997 /* PlayerSingleButton.xib in Resources */ = {isa = PBXBuildFile; fileRef = 0BC947D61A817756004CB997 /* PlayerSingleButton.xib */; };
		0BC947DD1A817756004CB997 /* TableCell.xib in Resources */ = {isa = PBXBuildFile; fileRef = 0BC947D71A817756004CB997 /* TableCell.xib */; };
		0BC948161A81B627004CB997 /* PlayerSelectionOption.h in Headers */ = {isa = PBXBuildFile; fileRef = 0BC948121A81B627004CB997 /* PlayerSelectionOption.h */; };
		0BC948171A81B627004CB997 /* PlayerSelectionOption.m in Sources */ = {isa = PBXBuildFile; fileRef = 0BC948131A81B627004CB997 /* PlayerSelectionOption.m */; };
		0BC948181A81B627004CB997 /* SampleAppPlayerViewController.h in Headers */ = {isa = PBXBuildFile; fileRef = 0BC948141A81B627004CB997 /* SampleAppPlayerViewController.h */; };
		0BC948191A81B627004CB997 /* SampleAppPlayerViewController.m in Sources */ = {isa = PBXBuildFile; fileRef = 0BC948151A81B627004CB997 /* SampleAppPlayerViewController.m */; };
		0BCC6E261D2F2B1A0040B0B2 /* AVKit.framework in Frameworks */ = {isa = PBXBuildFile; fileRef = 0BCC6E251D2F2B1A0040B0B2 /* AVKit.framework */; };
		0BF2362D1A40DB2800C4CE9A /* Main.storyboard in Resources */ = {isa = PBXBuildFile; fileRef = 0B19FEF21A3AB57E003E57DF /* Main.storyboard */; };
		0BF4FD1B1A68814D0050A602 /* BasicSimplePlayerViewController.h in CopyFiles */ = {isa = PBXBuildFile; fileRef = 0B19FEDC1A3AB4B4003E57DF /* BasicSimplePlayerViewController.h */; };
		7AC24A5C201F59BF00508972 /* OoyalaSDK.framework in Frameworks */ = {isa = PBXBuildFile; fileRef = 7AC24A37201F59A800508972 /* OoyalaSDK.framework */; };
		9782DAF91BFBE5720094A660 /* QRScannerViewController.h in Headers */ = {isa = PBXBuildFile; fileRef = 9782DAF71BFBE5720094A660 /* QRScannerViewController.h */; };
		9782DAFA1BFBE5720094A660 /* QRScannerViewController.m in Sources */ = {isa = PBXBuildFile; fileRef = 9782DAF81BFBE5720094A660 /* QRScannerViewController.m */; };
		97E5874C1D4ADF9800202E09 /* JavaScriptCore.framework in Frameworks */ = {isa = PBXBuildFile; fileRef = 97E5874B1D4ADF9800202E09 /* JavaScriptCore.framework */; };
/* End PBXBuildFile section */

/* Begin PBXContainerItemProxy section */
		7AC24A32201F59A800508972 /* PBXContainerItemProxy */ = {
			isa = PBXContainerItemProxy;
			containerPortal = 7AC249FF201F59A700508972 /* OoyalaSDK.xcodeproj */;
			proxyType = 2;
			remoteGlobalIDString = 9539C59914845D5C00FA201C;
			remoteInfo = TestApp;
		};
		7AC24A34201F59A800508972 /* PBXContainerItemProxy */ = {
			isa = PBXContainerItemProxy;
			containerPortal = 7AC249FF201F59A700508972 /* OoyalaSDK.xcodeproj */;
			proxyType = 2;
			remoteGlobalIDString = 750AD50D1F6C095500326BAA;
			remoteInfo = TestTVApp;
		};
		7AC24A36201F59A800508972 /* PBXContainerItemProxy */ = {
			isa = PBXContainerItemProxy;
			containerPortal = 7AC249FF201F59A700508972 /* OoyalaSDK.xcodeproj */;
			proxyType = 2;
			remoteGlobalIDString = 0B0D803F1AB7F8D300CDD091;
			remoteInfo = OoyalaSDK;
		};
		7AC24A38201F59A800508972 /* PBXContainerItemProxy */ = {
			isa = PBXContainerItemProxy;
			containerPortal = 7AC249FF201F59A700508972 /* OoyalaSDK.xcodeproj */;
			proxyType = 2;
			remoteGlobalIDString = 3B0E71A8147B0777006F000B;
			remoteInfo = OoyalaSDKTests;
		};
		7AC24A3A201F59A800508972 /* PBXContainerItemProxy */ = {
			isa = PBXContainerItemProxy;
			containerPortal = 7AC249FF201F59A700508972 /* OoyalaSDK.xcodeproj */;
			proxyType = 2;
			remoteGlobalIDString = 75F7819E1F98ECB200EE1D5E;
			remoteInfo = OoyalaVRSDK;
		};
		7AC24A3C201F59A800508972 /* PBXContainerItemProxy */ = {
			isa = PBXContainerItemProxy;
			containerPortal = 7AC249FF201F59A700508972 /* OoyalaSDK.xcodeproj */;
			proxyType = 2;
			remoteGlobalIDString = 75E1C1861FA0C6D000330550;
			remoteInfo = OoyalaVRSDKTests;
		};
		7AC24A3E201F59A800508972 /* PBXContainerItemProxy */ = {
			isa = PBXContainerItemProxy;
			containerPortal = 7AC249FF201F59A700508972 /* OoyalaSDK.xcodeproj */;
			proxyType = 2;
			remoteGlobalIDString = 750F6D681F7C03CE003389CA;
			remoteInfo = OoyalaGVRSDK;
		};
		7AC24A40201F59A800508972 /* PBXContainerItemProxy */ = {
			isa = PBXContainerItemProxy;
			containerPortal = 7AC249FF201F59A700508972 /* OoyalaSDK.xcodeproj */;
			proxyType = 2;
			remoteGlobalIDString = CAD0F5E71C593C9E00027135;
			remoteInfo = OoyalaTVSDK;
		};
		7AC24A42201F59A800508972 /* PBXContainerItemProxy */ = {
			isa = PBXContainerItemProxy;
			containerPortal = 7AC249FF201F59A700508972 /* OoyalaSDK.xcodeproj */;
			proxyType = 2;
			remoteGlobalIDString = 75F7835D1F9A1E5900EE1D5E;
			remoteInfo = OoyalaVRTVSDK;
		};
		7AC24A44201F59A800508972 /* PBXContainerItemProxy */ = {
			isa = PBXContainerItemProxy;
			containerPortal = 7AC249FF201F59A700508972 /* OoyalaSDK.xcodeproj */;
			proxyType = 2;
			remoteGlobalIDString = 75E1C1771FA0C5FB00330550;
			remoteInfo = OoyalaVRTVSDKTests;
		};
		7AC24A46201F59A800508972 /* PBXContainerItemProxy */ = {
			isa = PBXContainerItemProxy;
			containerPortal = 7AC249FF201F59A700508972 /* OoyalaSDK.xcodeproj */;
			proxyType = 2;
			remoteGlobalIDString = 0BE798601ABBAB6500C94ABF;
			remoteInfo = OoyalaIMASDK;
		};
		7AC24A48201F59A800508972 /* PBXContainerItemProxy */ = {
			isa = PBXContainerItemProxy;
			containerPortal = 7AC249FF201F59A700508972 /* OoyalaSDK.xcodeproj */;
			proxyType = 2;
			remoteGlobalIDString = 0BE797A11ABBA9B600C94ABF;
			remoteInfo = OoyalaFreewheelSDK;
		};
		7AC24A4A201F59A800508972 /* PBXContainerItemProxy */ = {
			isa = PBXContainerItemProxy;
			containerPortal = 7AC249FF201F59A700508972 /* OoyalaSDK.xcodeproj */;
			proxyType = 2;
			remoteGlobalIDString = 0B6E8AAC1ABB8C720002A76E;
			remoteInfo = OoyalaSecurePlayerSDK;
		};
		7AC24A4C201F59A800508972 /* PBXContainerItemProxy */ = {
			isa = PBXContainerItemProxy;
			containerPortal = 7AC249FF201F59A700508972 /* OoyalaSDK.xcodeproj */;
			proxyType = 2;
			remoteGlobalIDString = 9750D1F61C4497B10081EB88;
			remoteInfo = OoyalaSecurePlayerSDKTests;
		};
		7AC24A4E201F59A800508972 /* PBXContainerItemProxy */ = {
			isa = PBXContainerItemProxy;
			containerPortal = 7AC249FF201F59A700508972 /* OoyalaSDK.xcodeproj */;
			proxyType = 2;
			remoteGlobalIDString = 0BE7991D1ABBADD600C94ABF;
			remoteInfo = OoyalaNielsenSDK;
		};
		7AC24A50201F59A800508972 /* PBXContainerItemProxy */ = {
			isa = PBXContainerItemProxy;
			containerPortal = 7AC249FF201F59A700508972 /* OoyalaSDK.xcodeproj */;
			proxyType = 2;
			remoteGlobalIDString = 97E616931A70588A00FFBC0A;
			remoteInfo = OoyalaNielsenSDKTests;
		};
		7AC24A52201F59A800508972 /* PBXContainerItemProxy */ = {
			isa = PBXContainerItemProxy;
			containerPortal = 7AC249FF201F59A700508972 /* OoyalaSDK.xcodeproj */;
			proxyType = 2;
			remoteGlobalIDString = CA15C2BB1CDAAAAC00B9EF25;
			remoteInfo = OoyalaAdobeAnalyticsSDK;
		};
		7AC24A54201F59A800508972 /* PBXContainerItemProxy */ = {
			isa = PBXContainerItemProxy;
			containerPortal = 7AC249FF201F59A700508972 /* OoyalaSDK.xcodeproj */;
			proxyType = 2;
			remoteGlobalIDString = FF73D3021ACCBDF400312010;
			remoteInfo = OoyalaCastSDK;
		};
		7AC24A56201F59A800508972 /* PBXContainerItemProxy */ = {
			isa = PBXContainerItemProxy;
			containerPortal = 7AC249FF201F59A700508972 /* OoyalaSDK.xcodeproj */;
			proxyType = 2;
			remoteGlobalIDString = C424B8FF1CABDBA6006DC3CD;
			remoteInfo = OoyalaPulseIntegration;
		};
		7AC24A58201F59A800508972 /* PBXContainerItemProxy */ = {
			isa = PBXContainerItemProxy;
			containerPortal = 7AC249FF201F59A700508972 /* OoyalaSDK.xcodeproj */;
			proxyType = 2;
			remoteGlobalIDString = C464E5391CB7AF030019ABD8;
			remoteInfo = OoyalaPulseIntegrationTests;
		};
		7AC24A5A201F59A800508972 /* PBXContainerItemProxy */ = {
			isa = PBXContainerItemProxy;
			containerPortal = 7AC249FF201F59A700508972 /* OoyalaSDK.xcodeproj */;
			proxyType = 2;
			remoteGlobalIDString = 0BAC12731D9CAEBC003D6D4B;
			remoteInfo = OoyalaTVPulseIntegration;
		};
/* End PBXContainerItemProxy section */

/* Begin PBXCopyFilesBuildPhase section */
		0B19FEFC1A3B7532003E57DF /* CopyFiles */ = {
			isa = PBXCopyFilesBuildPhase;
			buildActionMask = 2147483647;
			dstPath = "include/$(PRODUCT_NAME)";
			dstSubfolderSpec = 16;
			files = (
				0BF4FD1B1A68814D0050A602 /* BasicSimplePlayerViewController.h in CopyFiles */,
				0B19FF2B1A3B780B003E57DF /* BasicPlaybackListViewController.h in CopyFiles */,
			);
			runOnlyForDeploymentPostprocessing = 0;
		};
/* End PBXCopyFilesBuildPhase section */

/* Begin PBXFileReference section */
		0B140F531A2E4709001324EE /* BasicPlaybackSampleApp.app */ = {isa = PBXFileReference; explicitFileType = wrapper.application; includeInIndex = 0; path = BasicPlaybackSampleApp.app; sourceTree = BUILT_PRODUCTS_DIR; };
		0B140F571A2E4709001324EE /* Info.plist */ = {isa = PBXFileReference; lastKnownFileType = text.plist.xml; path = Info.plist; sourceTree = "<group>"; };
		0B140F581A2E4709001324EE /* main.m */ = {isa = PBXFileReference; lastKnownFileType = sourcecode.c.objc; path = main.m; sourceTree = "<group>"; };
		0B140F5A1A2E4709001324EE /* AppDelegate.h */ = {isa = PBXFileReference; lastKnownFileType = sourcecode.c.h; path = AppDelegate.h; sourceTree = "<group>"; };
		0B140F5B1A2E4709001324EE /* AppDelegate.m */ = {isa = PBXFileReference; lastKnownFileType = sourcecode.c.objc; path = AppDelegate.m; sourceTree = "<group>"; };
		0B140F881A2E5374001324EE /* MediaPlayer.framework */ = {isa = PBXFileReference; lastKnownFileType = wrapper.framework; name = MediaPlayer.framework; path = System/Library/Frameworks/MediaPlayer.framework; sourceTree = SDKROOT; };
		0B140F8A1A2E53A6001324EE /* AVFoundation.framework */ = {isa = PBXFileReference; lastKnownFileType = wrapper.framework; name = AVFoundation.framework; path = System/Library/Frameworks/AVFoundation.framework; sourceTree = SDKROOT; };
		0B140F8C1A2E53B0001324EE /* Security.framework */ = {isa = PBXFileReference; lastKnownFileType = wrapper.framework; name = Security.framework; path = System/Library/Frameworks/Security.framework; sourceTree = SDKROOT; };
		0B140F8E1A2E53BE001324EE /* SystemConfiguration.framework */ = {isa = PBXFileReference; lastKnownFileType = wrapper.framework; name = SystemConfiguration.framework; path = System/Library/Frameworks/SystemConfiguration.framework; sourceTree = SDKROOT; };
		0B17A0EC1A78207F009D1C50 /* libc++.dylib */ = {isa = PBXFileReference; lastKnownFileType = "compiled.mach-o.dylib"; name = "libc++.dylib"; path = "usr/lib/libc++.dylib"; sourceTree = SDKROOT; };
		0B19FEDC1A3AB4B4003E57DF /* BasicSimplePlayerViewController.h */ = {isa = PBXFileReference; fileEncoding = 4; lastKnownFileType = sourcecode.c.h; path = BasicSimplePlayerViewController.h; sourceTree = "<group>"; };
		0B19FEDD1A3AB4B4003E57DF /* BasicSimplePlayerViewController.m */ = {isa = PBXFileReference; fileEncoding = 4; lastKnownFileType = sourcecode.c.objc; path = BasicSimplePlayerViewController.m; sourceTree = "<group>"; };
		0B19FEE11A3AB4BC003E57DF /* BasicPlaybackListViewController.h */ = {isa = PBXFileReference; fileEncoding = 4; lastKnownFileType = sourcecode.c.h; path = BasicPlaybackListViewController.h; sourceTree = "<group>"; };
		0B19FEE21A3AB4BC003E57DF /* BasicPlaybackListViewController.m */ = {isa = PBXFileReference; fileEncoding = 4; lastKnownFileType = sourcecode.c.objc; path = BasicPlaybackListViewController.m; sourceTree = "<group>"; };
		0B19FEF31A3AB57E003E57DF /* Base */ = {isa = PBXFileReference; lastKnownFileType = file.storyboard; name = Base; path = Main.storyboard; sourceTree = "<group>"; };
		0B19FEFE1A3B7532003E57DF /* libBasicPlaybackSampleAppSource.a */ = {isa = PBXFileReference; explicitFileType = archive.ar; includeInIndex = 0; path = libBasicPlaybackSampleAppSource.a; sourceTree = BUILT_PRODUCTS_DIR; };
		0B9457D31AC32C64000DD545 /* OoyalaSDK.framework */ = {isa = PBXFileReference; lastKnownFileType = wrapper.framework; path = OoyalaSDK.framework; sourceTree = "<group>"; };
		0B9458AA1AC3353E000DD545 /* libxml2.dylib */ = {isa = PBXFileReference; lastKnownFileType = "compiled.mach-o.dylib"; name = libxml2.dylib; path = usr/lib/libxml2.dylib; sourceTree = SDKROOT; };
		0B9800E61A40DF9A00E7DE88 /* Base */ = {isa = PBXFileReference; lastKnownFileType = file.xib; name = Base; path = LaunchScreen.xib; sourceTree = "<group>"; };
		0BC947D21A817756004CB997 /* PlayerDoubleButton.xib */ = {isa = PBXFileReference; fileEncoding = 4; lastKnownFileType = file.xib; path = PlayerDoubleButton.xib; sourceTree = "<group>"; };
		0BC947D31A817756004CB997 /* PlayerDoubleSwitch.xib */ = {isa = PBXFileReference; fileEncoding = 4; lastKnownFileType = file.xib; path = PlayerDoubleSwitch.xib; sourceTree = "<group>"; };
		0BC947D41A817756004CB997 /* PlayerDoubleText.xib */ = {isa = PBXFileReference; fileEncoding = 4; lastKnownFileType = file.xib; path = PlayerDoubleText.xib; sourceTree = "<group>"; };
		0BC947D51A817756004CB997 /* PlayerSimple.xib */ = {isa = PBXFileReference; fileEncoding = 4; lastKnownFileType = file.xib; path = PlayerSimple.xib; sourceTree = "<group>"; };
		0BC947D61A817756004CB997 /* PlayerSingleButton.xib */ = {isa = PBXFileReference; fileEncoding = 4; lastKnownFileType = file.xib; path = PlayerSingleButton.xib; sourceTree = "<group>"; };
		0BC947D71A817756004CB997 /* TableCell.xib */ = {isa = PBXFileReference; fileEncoding = 4; lastKnownFileType = file.xib; path = TableCell.xib; sourceTree = "<group>"; };
		0BC948121A81B627004CB997 /* PlayerSelectionOption.h */ = {isa = PBXFileReference; fileEncoding = 4; lastKnownFileType = sourcecode.c.h; path = PlayerSelectionOption.h; sourceTree = "<group>"; };
		0BC948131A81B627004CB997 /* PlayerSelectionOption.m */ = {isa = PBXFileReference; fileEncoding = 4; lastKnownFileType = sourcecode.c.objc; path = PlayerSelectionOption.m; sourceTree = "<group>"; };
		0BC948141A81B627004CB997 /* SampleAppPlayerViewController.h */ = {isa = PBXFileReference; fileEncoding = 4; lastKnownFileType = sourcecode.c.h; path = SampleAppPlayerViewController.h; sourceTree = "<group>"; };
		0BC948151A81B627004CB997 /* SampleAppPlayerViewController.m */ = {isa = PBXFileReference; fileEncoding = 4; lastKnownFileType = sourcecode.c.objc; path = SampleAppPlayerViewController.m; sourceTree = "<group>"; };
		0BCC6E251D2F2B1A0040B0B2 /* AVKit.framework */ = {isa = PBXFileReference; lastKnownFileType = wrapper.framework; name = AVKit.framework; path = System/Library/Frameworks/AVKit.framework; sourceTree = SDKROOT; };
		7AC249FF201F59A700508972 /* OoyalaSDK.xcodeproj */ = {isa = PBXFileReference; lastKnownFileType = "wrapper.pb-project"; name = OoyalaSDK.xcodeproj; path = "../../ios-sdk/sdk/OoyalaSDK.xcodeproj"; sourceTree = "<group>"; };
		9782DAF71BFBE5720094A660 /* QRScannerViewController.h */ = {isa = PBXFileReference; fileEncoding = 4; lastKnownFileType = sourcecode.c.h; path = QRScannerViewController.h; sourceTree = "<group>"; };
		9782DAF81BFBE5720094A660 /* QRScannerViewController.m */ = {isa = PBXFileReference; fileEncoding = 4; lastKnownFileType = sourcecode.c.objc; path = QRScannerViewController.m; sourceTree = "<group>"; };
		97E5874B1D4ADF9800202E09 /* JavaScriptCore.framework */ = {isa = PBXFileReference; lastKnownFileType = wrapper.framework; name = JavaScriptCore.framework; path = System/Library/Frameworks/JavaScriptCore.framework; sourceTree = SDKROOT; };
/* End PBXFileReference section */

/* Begin PBXFrameworksBuildPhase section */
		0B140F501A2E4709001324EE /* Frameworks */ = {
			isa = PBXFrameworksBuildPhase;
			buildActionMask = 2147483647;
			files = (
				7AC24A5C201F59BF00508972 /* OoyalaSDK.framework in Frameworks */,
				97E5874C1D4ADF9800202E09 /* JavaScriptCore.framework in Frameworks */,
				0BCC6E261D2F2B1A0040B0B2 /* AVKit.framework in Frameworks */,
				0B9458B41AC338C9000DD545 /* MediaPlayer.framework in Frameworks */,
				0B9458B31AC338BD000DD545 /* SystemConfiguration.framework in Frameworks */,
				0B17A0ED1A78207F009D1C50 /* libc++.dylib in Frameworks */,
				0B9458AB1AC3353E000DD545 /* libxml2.dylib in Frameworks */,
			);
			runOnlyForDeploymentPostprocessing = 0;
		};
		0B19FEFB1A3B7532003E57DF /* Frameworks */ = {
			isa = PBXFrameworksBuildPhase;
			buildActionMask = 2147483647;
			files = (
				0B94591C1AC33AA2000DD545 /* OoyalaSDK.framework in Frameworks */,
			);
			runOnlyForDeploymentPostprocessing = 0;
		};
/* End PBXFrameworksBuildPhase section */

/* Begin PBXGroup section */
		0B140F4A1A2E4709001324EE = {
			isa = PBXGroup;
			children = (
				7AC249FF201F59A700508972 /* OoyalaSDK.xcodeproj */,
				0B140F551A2E4709001324EE /* BasicPlaybackSampleApp */,
				0B140FAB1A2E6550001324EE /* Frameworks */,
				0B140F541A2E4709001324EE /* Products */,
				0B9457D21AC32C64000DD545 /* VendorLibraries */,
			);
			sourceTree = "<group>";
		};
		0B140F541A2E4709001324EE /* Products */ = {
			isa = PBXGroup;
			children = (
				0B140F531A2E4709001324EE /* BasicPlaybackSampleApp.app */,
				0B19FEFE1A3B7532003E57DF /* libBasicPlaybackSampleAppSource.a */,
			);
			name = Products;
			sourceTree = "<group>";
		};
		0B140F551A2E4709001324EE /* BasicPlaybackSampleApp */ = {
			isa = PBXGroup;
			children = (
				0B140F5A1A2E4709001324EE /* AppDelegate.h */,
				0B140F5B1A2E4709001324EE /* AppDelegate.m */,
				0B19FEE51A3AB4E6003E57DF /* Base.lproj */,
				0B19FEE01A3AB4BC003E57DF /* Lists */,
				0B19FEDB1A3AB4B4003E57DF /* Players */,
				0B140F561A2E4709001324EE /* Supporting Files */,
				0B19FEF51A3AB5A2003E57DF /* Utils */,
				0BC947D11A817756004CB997 /* Views */,
			);
			path = BasicPlaybackSampleApp;
			sourceTree = "<group>";
		};
		0B140F561A2E4709001324EE /* Supporting Files */ = {
			isa = PBXGroup;
			children = (
				0B140F571A2E4709001324EE /* Info.plist */,
				0B140F581A2E4709001324EE /* main.m */,
			);
			name = "Supporting Files";
			sourceTree = "<group>";
		};
		0B140FAB1A2E6550001324EE /* Frameworks */ = {
			isa = PBXGroup;
			children = (
				97E5874B1D4ADF9800202E09 /* JavaScriptCore.framework */,
				0BCC6E251D2F2B1A0040B0B2 /* AVKit.framework */,
				0B9458AA1AC3353E000DD545 /* libxml2.dylib */,
				0B17A0EC1A78207F009D1C50 /* libc++.dylib */,
				0B140F8E1A2E53BE001324EE /* SystemConfiguration.framework */,
				0B140F8C1A2E53B0001324EE /* Security.framework */,
				0B140F8A1A2E53A6001324EE /* AVFoundation.framework */,
				0B140F881A2E5374001324EE /* MediaPlayer.framework */,
			);
			name = Frameworks;
			sourceTree = "<group>";
		};
		0B19FEDB1A3AB4B4003E57DF /* Players */ = {
			isa = PBXGroup;
			children = (
				0B19FEDC1A3AB4B4003E57DF /* BasicSimplePlayerViewController.h */,
				0B19FEDD1A3AB4B4003E57DF /* BasicSimplePlayerViewController.m */,
			);
			path = Players;
			sourceTree = "<group>";
		};
		0B19FEE01A3AB4BC003E57DF /* Lists */ = {
			isa = PBXGroup;
			children = (
				0B19FEE11A3AB4BC003E57DF /* BasicPlaybackListViewController.h */,
				0B19FEE21A3AB4BC003E57DF /* BasicPlaybackListViewController.m */,
			);
			path = Lists;
			sourceTree = "<group>";
		};
		0B19FEE51A3AB4E6003E57DF /* Base.lproj */ = {
			isa = PBXGroup;
			children = (
				0B9800E51A40DF9A00E7DE88 /* LaunchScreen.xib */,
				0B19FEF21A3AB57E003E57DF /* Main.storyboard */,
			);
			path = Base.lproj;
			sourceTree = "<group>";
		};
		0B19FEF51A3AB5A2003E57DF /* Utils */ = {
			isa = PBXGroup;
			children = (
				0BC948121A81B627004CB997 /* PlayerSelectionOption.h */,
				0BC948131A81B627004CB997 /* PlayerSelectionOption.m */,
				0BC948141A81B627004CB997 /* SampleAppPlayerViewController.h */,
				0BC948151A81B627004CB997 /* SampleAppPlayerViewController.m */,
				9782DAF71BFBE5720094A660 /* QRScannerViewController.h */,
				9782DAF81BFBE5720094A660 /* QRScannerViewController.m */,
			);
			path = Utils;
			sourceTree = "<group>";
		};
		0B9457D21AC32C64000DD545 /* VendorLibraries */ = {
			isa = PBXGroup;
			children = (
				0B9457D31AC32C64000DD545 /* OoyalaSDK.framework */,
			);
			path = VendorLibraries;
			sourceTree = "<group>";
		};
		0BC947D11A817756004CB997 /* Views */ = {
			isa = PBXGroup;
			children = (
				0BC947D21A817756004CB997 /* PlayerDoubleButton.xib */,
				0BC947D31A817756004CB997 /* PlayerDoubleSwitch.xib */,
				0BC947D41A817756004CB997 /* PlayerDoubleText.xib */,
				0BC947D51A817756004CB997 /* PlayerSimple.xib */,
				0BC947D61A817756004CB997 /* PlayerSingleButton.xib */,
				0BC947D71A817756004CB997 /* TableCell.xib */,
			);
			path = Views;
			sourceTree = "<group>";
		};
		7AC24A00201F59A700508972 /* Products */ = {
			isa = PBXGroup;
			children = (
				7AC24A33201F59A800508972 /* TestApp.app */,
				7AC24A35201F59A800508972 /* TestTVApp.app */,
				7AC24A37201F59A800508972 /* OoyalaSDK.framework */,
				7AC24A39201F59A800508972 /* OoyalaSDKTests.xctest */,
				7AC24A3B201F59A800508972 /* OoyalaVRSDK.framework */,
				7AC24A3D201F59A800508972 /* OoyalaVRSDKTests.xctest */,
				7AC24A3F201F59A800508972 /* libOoyalaGVRSDK.a */,
				7AC24A41201F59A800508972 /* OoyalaSDK.framework */,
				7AC24A43201F59A800508972 /* OoyalaVRTVSDK.framework */,
				7AC24A45201F59A800508972 /* OoyalaVRTVSDKTests.xctest */,
				7AC24A47201F59A800508972 /* OoyalaIMASDK.framework */,
				7AC24A49201F59A800508972 /* OoyalaFreewheelSDK.framework */,
				7AC24A4B201F59A800508972 /* OoyalaSecurePlayerSDK.framework */,
				7AC24A4D201F59A800508972 /* OoyalaSecurePlayerSDKTests.xctest */,
				7AC24A4F201F59A800508972 /* OoyalaNielsenSDK.framework */,
				7AC24A51201F59A800508972 /* OoyalaNielsenSDKTests.xctest */,
				7AC24A53201F59A800508972 /* OoyalaAdobeAnalyticsSDK.framework */,
				7AC24A55201F59A800508972 /* OoyalaCastSDK.framework */,
				7AC24A57201F59A800508972 /* OoyalaPulseIntegration.framework */,
				7AC24A59201F59A800508972 /* OoyalaPulseIntegrationTests.xctest */,
				7AC24A5B201F59A800508972 /* OoyalaPulseIntegration.framework */,
			);
			name = Products;
			sourceTree = "<group>";
		};
/* End PBXGroup section */

/* Begin PBXHeadersBuildPhase section */
		0B140FA11A2E6438001324EE /* Headers */ = {
			isa = PBXHeadersBuildPhase;
			buildActionMask = 2147483647;
			files = (
				9782DAF91BFBE5720094A660 /* QRScannerViewController.h in Headers */,
				0BC948161A81B627004CB997 /* PlayerSelectionOption.h in Headers */,
				0B19FEE31A3AB4BC003E57DF /* BasicPlaybackListViewController.h in Headers */,
				0BC948181A81B627004CB997 /* SampleAppPlayerViewController.h in Headers */,
				0B19FEDE1A3AB4B4003E57DF /* BasicSimplePlayerViewController.h in Headers */,
			);
			runOnlyForDeploymentPostprocessing = 0;
		};
		0B19FF5F1A3B80E4003E57DF /* Headers */ = {
			isa = PBXHeadersBuildPhase;
			buildActionMask = 2147483647;
			files = (
				0B19FF621A3B80FB003E57DF /* BasicPlaybackListViewController.h in Headers */,
				0B19FF631A3B80FB003E57DF /* BasicSimplePlayerViewController.h in Headers */,
			);
			runOnlyForDeploymentPostprocessing = 0;
		};
/* End PBXHeadersBuildPhase section */

/* Begin PBXNativeTarget section */
		0B140F521A2E4709001324EE /* BasicPlaybackSampleApp */ = {
			isa = PBXNativeTarget;
			buildConfigurationList = 0B140F791A2E4709001324EE /* Build configuration list for PBXNativeTarget "BasicPlaybackSampleApp" */;
			buildPhases = (
				0B140F4F1A2E4709001324EE /* Sources */,
				0B140F501A2E4709001324EE /* Frameworks */,
				0B140F511A2E4709001324EE /* Resources */,
				0B140FA11A2E6438001324EE /* Headers */,
			);
			buildRules = (
			);
			dependencies = (
			);
			name = BasicPlaybackSampleApp;
			productName = AdvancedPlaybackSampleApp;
			productReference = 0B140F531A2E4709001324EE /* BasicPlaybackSampleApp.app */;
			productType = "com.apple.product-type.application";
		};
		0B19FEFD1A3B7532003E57DF /* BasicPlaybackSampleAppSource */ = {
			isa = PBXNativeTarget;
			buildConfigurationList = 0B19FF0F1A3B7533003E57DF /* Build configuration list for PBXNativeTarget "BasicPlaybackSampleAppSource" */;
			buildPhases = (
				0B19FEFA1A3B7532003E57DF /* Sources */,
				0B19FEFB1A3B7532003E57DF /* Frameworks */,
				0B19FEFC1A3B7532003E57DF /* CopyFiles */,
				0B19FF5F1A3B80E4003E57DF /* Headers */,
			);
			buildRules = (
			);
			dependencies = (
			);
			name = BasicPlaybackSampleAppSource;
			productName = AdvancedPlaybackSampleAppSource;
			productReference = 0B19FEFE1A3B7532003E57DF /* libBasicPlaybackSampleAppSource.a */;
			productType = "com.apple.product-type.library.static";
		};
/* End PBXNativeTarget section */

/* Begin PBXProject section */
		0B140F4B1A2E4709001324EE /* Project object */ = {
			isa = PBXProject;
			attributes = {
				LastUpgradeCheck = 0700;
				ORGANIZATIONNAME = "Ooyala, Inc";
				TargetAttributes = {
					0B140F521A2E4709001324EE = {
						CreatedOnToolsVersion = 6.1;
						DevelopmentTeam = 556Y9XWD3N;
						ProvisioningStyle = Manual;
					};
					0B19FEFD1A3B7532003E57DF = {
						CreatedOnToolsVersion = 6.1;
					};
				};
			};
			buildConfigurationList = 0B140F4E1A2E4709001324EE /* Build configuration list for PBXProject "BasicPlaybackSampleApp" */;
			compatibilityVersion = "Xcode 3.2";
			developmentRegion = English;
			hasScannedForEncodings = 0;
			knownRegions = (
				en,
				Base,
			);
			mainGroup = 0B140F4A1A2E4709001324EE;
			productRefGroup = 0B140F541A2E4709001324EE /* Products */;
			projectDirPath = "";
			projectReferences = (
				{
					ProductGroup = 7AC24A00201F59A700508972 /* Products */;
					ProjectRef = 7AC249FF201F59A700508972 /* OoyalaSDK.xcodeproj */;
				},
			);
			projectRoot = "";
			targets = (
				0B140F521A2E4709001324EE /* BasicPlaybackSampleApp */,
				0B19FEFD1A3B7532003E57DF /* BasicPlaybackSampleAppSource */,
			);
		};
/* End PBXProject section */

/* Begin PBXReferenceProxy section */
		7AC24A33201F59A800508972 /* TestApp.app */ = {
			isa = PBXReferenceProxy;
			fileType = wrapper.application;
			path = TestApp.app;
			remoteRef = 7AC24A32201F59A800508972 /* PBXContainerItemProxy */;
			sourceTree = BUILT_PRODUCTS_DIR;
		};
		7AC24A35201F59A800508972 /* TestTVApp.app */ = {
			isa = PBXReferenceProxy;
			fileType = wrapper.application;
			path = TestTVApp.app;
			remoteRef = 7AC24A34201F59A800508972 /* PBXContainerItemProxy */;
			sourceTree = BUILT_PRODUCTS_DIR;
		};
		7AC24A37201F59A800508972 /* OoyalaSDK.framework */ = {
			isa = PBXReferenceProxy;
			fileType = wrapper.framework;
			path = OoyalaSDK.framework;
			remoteRef = 7AC24A36201F59A800508972 /* PBXContainerItemProxy */;
			sourceTree = BUILT_PRODUCTS_DIR;
		};
		7AC24A39201F59A800508972 /* OoyalaSDKTests.xctest */ = {
			isa = PBXReferenceProxy;
			fileType = wrapper.cfbundle;
			path = OoyalaSDKTests.xctest;
			remoteRef = 7AC24A38201F59A800508972 /* PBXContainerItemProxy */;
			sourceTree = BUILT_PRODUCTS_DIR;
		};
		7AC24A3B201F59A800508972 /* OoyalaVRSDK.framework */ = {
			isa = PBXReferenceProxy;
			fileType = wrapper.framework;
			path = OoyalaVRSDK.framework;
			remoteRef = 7AC24A3A201F59A800508972 /* PBXContainerItemProxy */;
			sourceTree = BUILT_PRODUCTS_DIR;
		};
		7AC24A3D201F59A800508972 /* OoyalaVRSDKTests.xctest */ = {
			isa = PBXReferenceProxy;
			fileType = wrapper.cfbundle;
			path = OoyalaVRSDKTests.xctest;
			remoteRef = 7AC24A3C201F59A800508972 /* PBXContainerItemProxy */;
			sourceTree = BUILT_PRODUCTS_DIR;
		};
		7AC24A3F201F59A800508972 /* libOoyalaGVRSDK.a */ = {
			isa = PBXReferenceProxy;
			fileType = archive.ar;
			path = libOoyalaGVRSDK.a;
			remoteRef = 7AC24A3E201F59A800508972 /* PBXContainerItemProxy */;
			sourceTree = BUILT_PRODUCTS_DIR;
		};
		7AC24A41201F59A800508972 /* OoyalaSDK.framework */ = {
			isa = PBXReferenceProxy;
			fileType = wrapper.framework;
			path = OoyalaSDK.framework;
			remoteRef = 7AC24A40201F59A800508972 /* PBXContainerItemProxy */;
			sourceTree = BUILT_PRODUCTS_DIR;
		};
		7AC24A43201F59A800508972 /* OoyalaVRTVSDK.framework */ = {
			isa = PBXReferenceProxy;
			fileType = wrapper.framework;
			path = OoyalaVRTVSDK.framework;
			remoteRef = 7AC24A42201F59A800508972 /* PBXContainerItemProxy */;
			sourceTree = BUILT_PRODUCTS_DIR;
		};
		7AC24A45201F59A800508972 /* OoyalaVRTVSDKTests.xctest */ = {
			isa = PBXReferenceProxy;
			fileType = wrapper.cfbundle;
			path = OoyalaVRTVSDKTests.xctest;
			remoteRef = 7AC24A44201F59A800508972 /* PBXContainerItemProxy */;
			sourceTree = BUILT_PRODUCTS_DIR;
		};
		7AC24A47201F59A800508972 /* OoyalaIMASDK.framework */ = {
			isa = PBXReferenceProxy;
			fileType = wrapper.framework;
			path = OoyalaIMASDK.framework;
			remoteRef = 7AC24A46201F59A800508972 /* PBXContainerItemProxy */;
			sourceTree = BUILT_PRODUCTS_DIR;
		};
		7AC24A49201F59A800508972 /* OoyalaFreewheelSDK.framework */ = {
			isa = PBXReferenceProxy;
			fileType = wrapper.framework;
			path = OoyalaFreewheelSDK.framework;
			remoteRef = 7AC24A48201F59A800508972 /* PBXContainerItemProxy */;
			sourceTree = BUILT_PRODUCTS_DIR;
		};
		7AC24A4B201F59A800508972 /* OoyalaSecurePlayerSDK.framework */ = {
			isa = PBXReferenceProxy;
			fileType = wrapper.framework;
			path = OoyalaSecurePlayerSDK.framework;
			remoteRef = 7AC24A4A201F59A800508972 /* PBXContainerItemProxy */;
			sourceTree = BUILT_PRODUCTS_DIR;
		};
		7AC24A4D201F59A800508972 /* OoyalaSecurePlayerSDKTests.xctest */ = {
			isa = PBXReferenceProxy;
			fileType = wrapper.cfbundle;
			path = OoyalaSecurePlayerSDKTests.xctest;
			remoteRef = 7AC24A4C201F59A800508972 /* PBXContainerItemProxy */;
			sourceTree = BUILT_PRODUCTS_DIR;
		};
		7AC24A4F201F59A800508972 /* OoyalaNielsenSDK.framework */ = {
			isa = PBXReferenceProxy;
			fileType = wrapper.framework;
			path = OoyalaNielsenSDK.framework;
			remoteRef = 7AC24A4E201F59A800508972 /* PBXContainerItemProxy */;
			sourceTree = BUILT_PRODUCTS_DIR;
		};
		7AC24A51201F59A800508972 /* OoyalaNielsenSDKTests.xctest */ = {
			isa = PBXReferenceProxy;
			fileType = wrapper.cfbundle;
			path = OoyalaNielsenSDKTests.xctest;
			remoteRef = 7AC24A50201F59A800508972 /* PBXContainerItemProxy */;
			sourceTree = BUILT_PRODUCTS_DIR;
		};
		7AC24A53201F59A800508972 /* OoyalaAdobeAnalyticsSDK.framework */ = {
			isa = PBXReferenceProxy;
			fileType = wrapper.framework;
			path = OoyalaAdobeAnalyticsSDK.framework;
			remoteRef = 7AC24A52201F59A800508972 /* PBXContainerItemProxy */;
			sourceTree = BUILT_PRODUCTS_DIR;
		};
		7AC24A55201F59A800508972 /* OoyalaCastSDK.framework */ = {
			isa = PBXReferenceProxy;
			fileType = wrapper.framework;
			path = OoyalaCastSDK.framework;
			remoteRef = 7AC24A54201F59A800508972 /* PBXContainerItemProxy */;
			sourceTree = BUILT_PRODUCTS_DIR;
		};
		7AC24A57201F59A800508972 /* OoyalaPulseIntegration.framework */ = {
			isa = PBXReferenceProxy;
			fileType = wrapper.framework;
			path = OoyalaPulseIntegration.framework;
			remoteRef = 7AC24A56201F59A800508972 /* PBXContainerItemProxy */;
			sourceTree = BUILT_PRODUCTS_DIR;
		};
		7AC24A59201F59A800508972 /* OoyalaPulseIntegrationTests.xctest */ = {
			isa = PBXReferenceProxy;
			fileType = wrapper.cfbundle;
			path = OoyalaPulseIntegrationTests.xctest;
			remoteRef = 7AC24A58201F59A800508972 /* PBXContainerItemProxy */;
			sourceTree = BUILT_PRODUCTS_DIR;
		};
		7AC24A5B201F59A800508972 /* OoyalaPulseIntegration.framework */ = {
			isa = PBXReferenceProxy;
			fileType = wrapper.framework;
			path = OoyalaPulseIntegration.framework;
			remoteRef = 7AC24A5A201F59A800508972 /* PBXContainerItemProxy */;
			sourceTree = BUILT_PRODUCTS_DIR;
		};
/* End PBXReferenceProxy section */

/* Begin PBXResourcesBuildPhase section */
		0B140F511A2E4709001324EE /* Resources */ = {
			isa = PBXResourcesBuildPhase;
			buildActionMask = 2147483647;
			files = (
				0B9800E71A40DF9A00E7DE88 /* LaunchScreen.xib in Resources */,
				0BC947DC1A817756004CB997 /* PlayerSingleButton.xib in Resources */,
				0BC947DA1A817756004CB997 /* PlayerDoubleText.xib in Resources */,
				0BC947D91A817756004CB997 /* PlayerDoubleSwitch.xib in Resources */,
				0BF2362D1A40DB2800C4CE9A /* Main.storyboard in Resources */,
				0BC947DB1A817756004CB997 /* PlayerSimple.xib in Resources */,
				0BC947DD1A817756004CB997 /* TableCell.xib in Resources */,
				0BC947D81A817756004CB997 /* PlayerDoubleButton.xib in Resources */,
			);
			runOnlyForDeploymentPostprocessing = 0;
		};
/* End PBXResourcesBuildPhase section */

/* Begin PBXSourcesBuildPhase section */
		0B140F4F1A2E4709001324EE /* Sources */ = {
			isa = PBXSourcesBuildPhase;
			buildActionMask = 2147483647;
			files = (
				0B140F5C1A2E4709001324EE /* AppDelegate.m in Sources */,
				9782DAFA1BFBE5720094A660 /* QRScannerViewController.m in Sources */,
				0BC948191A81B627004CB997 /* SampleAppPlayerViewController.m in Sources */,
				0B140F591A2E4709001324EE /* main.m in Sources */,
				0BC948171A81B627004CB997 /* PlayerSelectionOption.m in Sources */,
				0B19FEDF1A3AB4B4003E57DF /* BasicSimplePlayerViewController.m in Sources */,
				0B19FEE41A3AB4BC003E57DF /* BasicPlaybackListViewController.m in Sources */,
			);
			runOnlyForDeploymentPostprocessing = 0;
		};
		0B19FEFA1A3B7532003E57DF /* Sources */ = {
			isa = PBXSourcesBuildPhase;
			buildActionMask = 2147483647;
			files = (
				0B4FE7961CE2AA99000DCC00 /* QRScannerViewController.m in Sources */,
				0B19FF1A1A3B755A003E57DF /* BasicPlaybackListViewController.m in Sources */,
				0B19FF1C1A3B755A003E57DF /* BasicSimplePlayerViewController.m in Sources */,
			);
			runOnlyForDeploymentPostprocessing = 0;
		};
/* End PBXSourcesBuildPhase section */

/* Begin PBXVariantGroup section */
		0B19FEF21A3AB57E003E57DF /* Main.storyboard */ = {
			isa = PBXVariantGroup;
			children = (
				0B19FEF31A3AB57E003E57DF /* Base */,
			);
			name = Main.storyboard;
			sourceTree = "<group>";
		};
		0B9800E51A40DF9A00E7DE88 /* LaunchScreen.xib */ = {
			isa = PBXVariantGroup;
			children = (
				0B9800E61A40DF9A00E7DE88 /* Base */,
			);
			name = LaunchScreen.xib;
			sourceTree = "<group>";
		};
/* End PBXVariantGroup section */

/* Begin XCBuildConfiguration section */
		0B140F771A2E4709001324EE /* Debug */ = {
			isa = XCBuildConfiguration;
			buildSettings = {
				ALWAYS_SEARCH_USER_PATHS = NO;
				CLANG_CXX_LANGUAGE_STANDARD = "gnu++0x";
				CLANG_CXX_LIBRARY = "libc++";
				CLANG_ENABLE_MODULES = YES;
				CLANG_ENABLE_OBJC_ARC = YES;
				CLANG_WARN_BOOL_CONVERSION = YES;
				CLANG_WARN_CONSTANT_CONVERSION = YES;
				CLANG_WARN_DIRECT_OBJC_ISA_USAGE = YES_ERROR;
				CLANG_WARN_EMPTY_BODY = YES;
				CLANG_WARN_ENUM_CONVERSION = YES;
				CLANG_WARN_INT_CONVERSION = YES;
				CLANG_WARN_OBJC_ROOT_CLASS = YES_ERROR;
				CLANG_WARN_UNREACHABLE_CODE = YES;
				CLANG_WARN__DUPLICATE_METHOD_MATCH = YES;
				"CODE_SIGN_IDENTITY[sdk=iphoneos*]" = "iPhone Developer";
				COPY_PHASE_STRIP = NO;
				ENABLE_BITCODE = NO;
				ENABLE_STRICT_OBJC_MSGSEND = YES;
				ENABLE_TESTABILITY = YES;
				GCC_C_LANGUAGE_STANDARD = gnu99;
				GCC_DYNAMIC_NO_PIC = NO;
				GCC_OPTIMIZATION_LEVEL = 0;
				GCC_PREPROCESSOR_DEFINITIONS = (
					"DEBUG=1",
					"$(inherited)",
				);
				GCC_SYMBOLS_PRIVATE_EXTERN = NO;
				GCC_WARN_64_TO_32_BIT_CONVERSION = YES;
				GCC_WARN_ABOUT_RETURN_TYPE = YES_ERROR;
				GCC_WARN_UNDECLARED_SELECTOR = YES;
				GCC_WARN_UNINITIALIZED_AUTOS = YES_AGGRESSIVE;
				GCC_WARN_UNUSED_FUNCTION = YES;
				GCC_WARN_UNUSED_VARIABLE = YES;
				IPHONEOS_DEPLOYMENT_TARGET = 8.1;
				MTL_ENABLE_DEBUG_INFO = YES;
				ONLY_ACTIVE_ARCH = YES;
				SDKROOT = iphoneos;
				TARGETED_DEVICE_FAMILY = "1,2";
			};
			name = Debug;
		};
		0B140F781A2E4709001324EE /* Release */ = {
			isa = XCBuildConfiguration;
			buildSettings = {
				ALWAYS_SEARCH_USER_PATHS = NO;
				CLANG_CXX_LANGUAGE_STANDARD = "gnu++0x";
				CLANG_CXX_LIBRARY = "libc++";
				CLANG_ENABLE_MODULES = YES;
				CLANG_ENABLE_OBJC_ARC = YES;
				CLANG_WARN_BOOL_CONVERSION = YES;
				CLANG_WARN_CONSTANT_CONVERSION = YES;
				CLANG_WARN_DIRECT_OBJC_ISA_USAGE = YES_ERROR;
				CLANG_WARN_EMPTY_BODY = YES;
				CLANG_WARN_ENUM_CONVERSION = YES;
				CLANG_WARN_INT_CONVERSION = YES;
				CLANG_WARN_OBJC_ROOT_CLASS = YES_ERROR;
				CLANG_WARN_UNREACHABLE_CODE = YES;
				CLANG_WARN__DUPLICATE_METHOD_MATCH = YES;
				"CODE_SIGN_IDENTITY[sdk=iphoneos*]" = "iPhone Developer";
				COPY_PHASE_STRIP = YES;
				ENABLE_BITCODE = NO;
				ENABLE_NS_ASSERTIONS = NO;
				ENABLE_STRICT_OBJC_MSGSEND = YES;
				GCC_C_LANGUAGE_STANDARD = gnu99;
				GCC_WARN_64_TO_32_BIT_CONVERSION = YES;
				GCC_WARN_ABOUT_RETURN_TYPE = YES_ERROR;
				GCC_WARN_UNDECLARED_SELECTOR = YES;
				GCC_WARN_UNINITIALIZED_AUTOS = YES_AGGRESSIVE;
				GCC_WARN_UNUSED_FUNCTION = YES;
				GCC_WARN_UNUSED_VARIABLE = YES;
				IPHONEOS_DEPLOYMENT_TARGET = 8.1;
				MTL_ENABLE_DEBUG_INFO = NO;
				SDKROOT = iphoneos;
				TARGETED_DEVICE_FAMILY = "1,2";
				VALIDATE_PRODUCT = YES;
			};
			name = Release;
		};
		0B140F7A1A2E4709001324EE /* Debug */ = {
			isa = XCBuildConfiguration;
			buildSettings = {
				ALWAYS_SEARCH_USER_PATHS = YES;
				ASSETCATALOG_COMPILER_APPICON_NAME = AppIcon;
				DEVELOPMENT_TEAM = 556Y9XWD3N;
				ENABLE_BITCODE = YES;
				FRAMEWORK_SEARCH_PATHS = (
					"$(inherited)",
					"$(PROJECT_DIR)/VendorLibraries",
				);
				INFOPLIST_FILE = "$(SRCROOT)/BasicPlaybackSampleApp/Info.plist";
				IPHONEOS_DEPLOYMENT_TARGET = 8.0;
				LD_RUNPATH_SEARCH_PATHS = "$(inherited) @executable_path/Frameworks";
				LIBRARY_SEARCH_PATHS = (
					"$(inherited)",
					"$(PROJECT_DIR)/VendorLibraries",
				);
				ONLY_ACTIVE_ARCH = YES;
				OTHER_LDFLAGS = "$(inherited)";
				PRODUCT_BUNDLE_IDENTIFIER = "com.ooyala.$(PRODUCT_NAME:rfc1034identifier)";
				PRODUCT_NAME = BasicPlaybackSampleApp;
				PROVISIONING_PROFILE = "b7258f32-8232-43b4-b873-7d7ebb144cd8";
				PROVISIONING_PROFILE_SPECIFIER = "All Apps Anywhere";
				USER_HEADER_SEARCH_PATHS = "";
				VALID_ARCHS = "armv7 armv7s arm64";
			};
			name = Debug;
		};
		0B140F7B1A2E4709001324EE /* Release */ = {
			isa = XCBuildConfiguration;
			buildSettings = {
				ALWAYS_SEARCH_USER_PATHS = YES;
				ASSETCATALOG_COMPILER_APPICON_NAME = AppIcon;
				DEVELOPMENT_TEAM = 556Y9XWD3N;
				ENABLE_BITCODE = YES;
				FRAMEWORK_SEARCH_PATHS = (
					"$(inherited)",
					"$(PROJECT_DIR)/VendorLibraries",
				);
				INFOPLIST_FILE = "$(SRCROOT)/BasicPlaybackSampleApp/Info.plist";
				IPHONEOS_DEPLOYMENT_TARGET = 8.0;
				LD_RUNPATH_SEARCH_PATHS = "$(inherited) @executable_path/Frameworks";
				LIBRARY_SEARCH_PATHS = (
					"$(inherited)",
					"$(PROJECT_DIR)/VendorLibraries",
				);
				ONLY_ACTIVE_ARCH = YES;
				OTHER_LDFLAGS = "$(inherited)";
				PRODUCT_BUNDLE_IDENTIFIER = "com.ooyala.$(PRODUCT_NAME:rfc1034identifier)";
				PRODUCT_NAME = BasicPlaybackSampleApp;
				PROVISIONING_PROFILE = "b7258f32-8232-43b4-b873-7d7ebb144cd8";
				PROVISIONING_PROFILE_SPECIFIER = "All Apps Anywhere";
				USER_HEADER_SEARCH_PATHS = "";
				VALID_ARCHS = "armv7 armv7s arm64";
			};
			name = Release;
		};
		0B19FF101A3B7533003E57DF /* Debug */ = {
			isa = XCBuildConfiguration;
			buildSettings = {
				FRAMEWORK_SEARCH_PATHS = (
					"$(inherited)",
					"$(PROJECT_DIR)/VendorLibraries",
				);
				GCC_PREPROCESSOR_DEFINITIONS = (
					"DEBUG=1",
					"$(inherited)",
				);
				LIBRARY_SEARCH_PATHS = (
					"$(inherited)",
					"../vendor/Ooyala/OoyalaSDK-iOS",
				);
				OTHER_LDFLAGS = "-ObjC";
				PRODUCT_NAME = BasicPlaybackSampleAppSource;
				SKIP_INSTALL = YES;
				USER_HEADER_SEARCH_PATHS = "../vendor/** ../shared/**";
			};
			name = Debug;
		};
		0B19FF111A3B7533003E57DF /* Release */ = {
			isa = XCBuildConfiguration;
			buildSettings = {
				FRAMEWORK_SEARCH_PATHS = (
					"$(inherited)",
					"$(PROJECT_DIR)/VendorLibraries",
				);
				LIBRARY_SEARCH_PATHS = (
					"$(inherited)",
					"../vendor/Ooyala/OoyalaSDK-iOS",
				);
				OTHER_LDFLAGS = "-ObjC";
				PRODUCT_NAME = BasicPlaybackSampleAppSource;
				SKIP_INSTALL = YES;
				USER_HEADER_SEARCH_PATHS = "../vendor/** ../shared/**";
			};
			name = Release;
		};
/* End XCBuildConfiguration section */

/* Begin XCConfigurationList section */
		0B140F4E1A2E4709001324EE /* Build configuration list for PBXProject "BasicPlaybackSampleApp" */ = {
			isa = XCConfigurationList;
			buildConfigurations = (
				0B140F771A2E4709001324EE /* Debug */,
				0B140F781A2E4709001324EE /* Release */,
			);
			defaultConfigurationIsVisible = 0;
			defaultConfigurationName = Release;
		};
		0B140F791A2E4709001324EE /* Build configuration list for PBXNativeTarget "BasicPlaybackSampleApp" */ = {
			isa = XCConfigurationList;
			buildConfigurations = (
				0B140F7A1A2E4709001324EE /* Debug */,
				0B140F7B1A2E4709001324EE /* Release */,
			);
			defaultConfigurationIsVisible = 0;
			defaultConfigurationName = Release;
		};
		0B19FF0F1A3B7533003E57DF /* Build configuration list for PBXNativeTarget "BasicPlaybackSampleAppSource" */ = {
			isa = XCConfigurationList;
			buildConfigurations = (
				0B19FF101A3B7533003E57DF /* Debug */,
				0B19FF111A3B7533003E57DF /* Release */,
			);
			defaultConfigurationIsVisible = 0;
			defaultConfigurationName = Release;
		};
/* End XCConfigurationList section */
	};
	rootObject = 0B140F4B1A2E4709001324EE /* Project object */;
}
